
Microsoft Visual Studio Solution File, Format Version 12.00
# Visual Studio Version 17
VisualStudioVersion = 17.4.33205.214
MinimumVisualStudioVersion = 10.0.40219.1
Project("{FAE04EC0-301F-11D3-BF4B-00C04F79EFBC}") = "TagiApplication", "TagiApplication\TagiApplication.csproj", "{8D24BEE0-7AFD-41D6-B9EC-3A771635BC0A}"
EndProject
Global
	GlobalSection(SolutionConfigurationPlatforms) = preSolution
		Debug|Any CPU = Debug|Any CPU
		Release|Any CPU = Release|Any CPU
	EndGlobalSection
	GlobalSection(ProjectConfigurationPlatforms) = postSolution
		{8D24BEE0-7AFD-41D6-B9EC-3A771635BC0A}.Debug|Any CPU.ActiveCfg = Debug|Any CPU
		{8D24BEE0-7AFD-41D6-B9EC-3A771635BC0A}.Debug|Any CPU.Build.0 = Debug|Any CPU
		{8D24BEE0-7AFD-41D6-B9EC-3A771635BC0A}.Release|Any CPU.ActiveCfg = Release|Any CPU
		{8D24BEE0-7AFD-41D6-B9EC-3A771635BC0A}.Release|Any CPU.Build.0 = Release|Any CPU
	EndGlobalSection
	GlobalSection(SolutionProperties) = preSolution
		HideSolutionNode = FALSE
	EndGlobalSection
	GlobalSection(ExtensibilityGlobals) = postSolution
		SolutionGuid = {B35A4EE5-4FD8-4127-A3E8-29E3C615831C}
	EndGlobalSection
EndGlobal
